
Microsoft Visual Studio Solution File, Format Version 12.00
# Visual Studio 15
VisualStudioVersion = 15.0.27130.2036
MinimumVisualStudioVersion = 10.0.40219.1
Project("{FAE04EC0-301F-11D3-BF4B-00C04F79EFBC}") = "GLTFSerialization", "GLTFSerialization\GLTFSerialization.csproj", "{72AC331F-9810-4DE2-8EA3-84559A787218}"
EndProject
Project("{FAE04EC0-301F-11D3-BF4B-00C04F79EFBC}") = "GLTFSerializationTests", "Tests\GLTFSerializationTests\GLTFSerializationTests.csproj", "{821B87A3-D8FA-407A-BC58-928A859C71C4}"
EndProject
Project("{FAE04EC0-301F-11D3-BF4B-00C04F79EFBC}") = "GLTFSerializationUWPTests", "Tests\GLTFSerializationUWPTests\GLTFSerializationUWPTests.csproj", "{EAD1EF7E-A898-4741-9DF5-269A33E6F875}"
EndProject
Project("{FAE04EC0-301F-11D3-BF4B-00C04F79EFBC}") = "GLTFSerializationCLI", "GLTFSerializationCLI\GLTFSerializationCLI.csproj", "{3C8EFD3C-66B2-4D83-9DD2-E6A4C4D3F64C}"
EndProject
Global
	GlobalSection(SolutionConfigurationPlatforms) = preSolution
		Debug|Any CPU = Debug|Any CPU
		Debug|ARM = Debug|ARM
		Debug|x64 = Debug|x64
		Debug|x86 = Debug|x86
		Release|Any CPU = Release|Any CPU
		Release|ARM = Release|ARM
		Release|x64 = Release|x64
		Release|x86 = Release|x86
	EndGlobalSection
	GlobalSection(ProjectConfigurationPlatforms) = postSolution
		{72AC331F-9810-4DE2-8EA3-84559A787218}.Debug|Any CPU.ActiveCfg = Debug|Any CPU
		{72AC331F-9810-4DE2-8EA3-84559A787218}.Debug|Any CPU.Build.0 = Debug|Any CPU
		{72AC331F-9810-4DE2-8EA3-84559A787218}.Debug|ARM.ActiveCfg = Debug|Any CPU
		{72AC331F-9810-4DE2-8EA3-84559A787218}.Debug|ARM.Build.0 = Debug|Any CPU
		{72AC331F-9810-4DE2-8EA3-84559A787218}.Debug|x64.ActiveCfg = Debug|Any CPU
		{72AC331F-9810-4DE2-8EA3-84559A787218}.Debug|x64.Build.0 = Debug|Any CPU
		{72AC331F-9810-4DE2-8EA3-84559A787218}.Debug|x86.ActiveCfg = Debug|Any CPU
		{72AC331F-9810-4DE2-8EA3-84559A787218}.Debug|x86.Build.0 = Debug|Any CPU
		{72AC331F-9810-4DE2-8EA3-84559A787218}.Release|Any CPU.ActiveCfg = Release|Any CPU
		{72AC331F-9810-4DE2-8EA3-84559A787218}.Release|Any CPU.Build.0 = Release|Any CPU
		{72AC331F-9810-4DE2-8EA3-84559A787218}.Release|ARM.ActiveCfg = Release|Any CPU
		{72AC331F-9810-4DE2-8EA3-84559A787218}.Release|ARM.Build.0 = Release|Any CPU
		{72AC331F-9810-4DE2-8EA3-84559A787218}.Release|x64.ActiveCfg = Release|Any CPU
		{72AC331F-9810-4DE2-8EA3-84559A787218}.Release|x64.Build.0 = Release|Any CPU
		{72AC331F-9810-4DE2-8EA3-84559A787218}.Release|x86.ActiveCfg = Release|Any CPU
		{72AC331F-9810-4DE2-8EA3-84559A787218}.Release|x86.Build.0 = Release|Any CPU
		{821B87A3-D8FA-407A-BC58-928A859C71C4}.Debug|Any CPU.ActiveCfg = Debug|Any CPU
		{821B87A3-D8FA-407A-BC58-928A859C71C4}.Debug|Any CPU.Build.0 = Debug|Any CPU
		{821B87A3-D8FA-407A-BC58-928A859C71C4}.Debug|ARM.ActiveCfg = Debug|Any CPU
		{821B87A3-D8FA-407A-BC58-928A859C71C4}.Debug|ARM.Build.0 = Debug|Any CPU
		{821B87A3-D8FA-407A-BC58-928A859C71C4}.Debug|x64.ActiveCfg = Debug|Any CPU
		{821B87A3-D8FA-407A-BC58-928A859C71C4}.Debug|x64.Build.0 = Debug|Any CPU
		{821B87A3-D8FA-407A-BC58-928A859C71C4}.Debug|x86.ActiveCfg = Debug|x86
		{821B87A3-D8FA-407A-BC58-928A859C71C4}.Debug|x86.Build.0 = Debug|x86
		{821B87A3-D8FA-407A-BC58-928A859C71C4}.Release|Any CPU.ActiveCfg = Release|Any CPU
		{821B87A3-D8FA-407A-BC58-928A859C71C4}.Release|Any CPU.Build.0 = Release|Any CPU
		{821B87A3-D8FA-407A-BC58-928A859C71C4}.Release|ARM.ActiveCfg = Release|Any CPU
		{821B87A3-D8FA-407A-BC58-928A859C71C4}.Release|ARM.Build.0 = Release|Any CPU
		{821B87A3-D8FA-407A-BC58-928A859C71C4}.Release|x64.ActiveCfg = Release|Any CPU
		{821B87A3-D8FA-407A-BC58-928A859C71C4}.Release|x64.Build.0 = Release|Any CPU
		{821B87A3-D8FA-407A-BC58-928A859C71C4}.Release|x86.ActiveCfg = Release|x86
		{821B87A3-D8FA-407A-BC58-928A859C71C4}.Release|x86.Build.0 = Release|x86
		{EAD1EF7E-A898-4741-9DF5-269A33E6F875}.Debug|Any CPU.ActiveCfg = Debug|Any CPU
		{EAD1EF7E-A898-4741-9DF5-269A33E6F875}.Debug|Any CPU.Build.0 = Debug|Any CPU
		{EAD1EF7E-A898-4741-9DF5-269A33E6F875}.Debug|Any CPU.Deploy.0 = Debug|Any CPU
		{EAD1EF7E-A898-4741-9DF5-269A33E6F875}.Debug|ARM.ActiveCfg = Debug|ARM
		{EAD1EF7E-A898-4741-9DF5-269A33E6F875}.Debug|ARM.Build.0 = Debug|ARM
		{EAD1EF7E-A898-4741-9DF5-269A33E6F875}.Debug|ARM.Deploy.0 = Debug|ARM
		{EAD1EF7E-A898-4741-9DF5-269A33E6F875}.Debug|x64.ActiveCfg = Debug|x64
		{EAD1EF7E-A898-4741-9DF5-269A33E6F875}.Debug|x64.Build.0 = Debug|x64
		{EAD1EF7E-A898-4741-9DF5-269A33E6F875}.Debug|x64.Deploy.0 = Debug|x64
		{EAD1EF7E-A898-4741-9DF5-269A33E6F875}.Debug|x86.ActiveCfg = Debug|x86
		{EAD1EF7E-A898-4741-9DF5-269A33E6F875}.Debug|x86.Build.0 = Debug|x86
		{EAD1EF7E-A898-4741-9DF5-269A33E6F875}.Debug|x86.Deploy.0 = Debug|x86
		{EAD1EF7E-A898-4741-9DF5-269A33E6F875}.Release|Any CPU.ActiveCfg = Release|Any CPU
		{EAD1EF7E-A898-4741-9DF5-269A33E6F875}.Release|Any CPU.Build.0 = Release|Any CPU
		{EAD1EF7E-A898-4741-9DF5-269A33E6F875}.Release|Any CPU.Deploy.0 = Release|Any CPU
		{EAD1EF7E-A898-4741-9DF5-269A33E6F875}.Release|ARM.ActiveCfg = Release|ARM
		{EAD1EF7E-A898-4741-9DF5-269A33E6F875}.Release|ARM.Build.0 = Release|ARM
		{EAD1EF7E-A898-4741-9DF5-269A33E6F875}.Release|ARM.Deploy.0 = Release|ARM
		{EAD1EF7E-A898-4741-9DF5-269A33E6F875}.Release|x64.ActiveCfg = Release|x64
		{EAD1EF7E-A898-4741-9DF5-269A33E6F875}.Release|x64.Build.0 = Release|x64
		{EAD1EF7E-A898-4741-9DF5-269A33E6F875}.Release|x64.Deploy.0 = Release|x64
		{EAD1EF7E-A898-4741-9DF5-269A33E6F875}.Release|x86.ActiveCfg = Release|x86
		{EAD1EF7E-A898-4741-9DF5-269A33E6F875}.Release|x86.Build.0 = Release|x86
		{EAD1EF7E-A898-4741-9DF5-269A33E6F875}.Release|x86.Deploy.0 = Release|x86
		{3C8EFD3C-66B2-4D83-9DD2-E6A4C4D3F64C}.Debug|Any CPU.ActiveCfg = Debug|Any CPU
		{3C8EFD3C-66B2-4D83-9DD2-E6A4C4D3F64C}.Debug|Any CPU.Build.0 = Debug|Any CPU
		{3C8EFD3C-66B2-4D83-9DD2-E6A4C4D3F64C}.Debug|ARM.ActiveCfg = Debug|Any CPU
		{3C8EFD3C-66B2-4D83-9DD2-E6A4C4D3F64C}.Debug|ARM.Build.0 = Debug|Any CPU
		{3C8EFD3C-66B2-4D83-9DD2-E6A4C4D3F64C}.Debug|x64.ActiveCfg = Debug|Any CPU
		{3C8EFD3C-66B2-4D83-9DD2-E6A4C4D3F64C}.Debug|x64.Build.0 = Debug|Any CPU
		{3C8EFD3C-66B2-4D83-9DD2-E6A4C4D3F64C}.Debug|x86.ActiveCfg = Debug|Any CPU
		{3C8EFD3C-66B2-4D83-9DD2-E6A4C4D3F64C}.Debug|x86.Build.0 = Debug|Any CPU
		{3C8EFD3C-66B2-4D83-9DD2-E6A4C4D3F64C}.Release|Any CPU.ActiveCfg = Release|Any CPU
		{3C8EFD3C-66B2-4D83-9DD2-E6A4C4D3F64C}.Release|Any CPU.Build.0 = Release|Any CPU
		{3C8EFD3C-66B2-4D83-9DD2-E6A4C4D3F64C}.Release|ARM.ActiveCfg = Release|Any CPU
		{3C8EFD3C-66B2-4D83-9DD2-E6A4C4D3F64C}.Release|ARM.Build.0 = Release|Any CPU
		{3C8EFD3C-66B2-4D83-9DD2-E6A4C4D3F64C}.Release|x64.ActiveCfg = Release|Any CPU
		{3C8EFD3C-66B2-4D83-9DD2-E6A4C4D3F64C}.Release|x64.Build.0 = Release|Any CPU
		{3C8EFD3C-66B2-4D83-9DD2-E6A4C4D3F64C}.Release|x86.ActiveCfg = Release|Any CPU
		{3C8EFD3C-66B2-4D83-9DD2-E6A4C4D3F64C}.Release|x86.Build.0 = Release|Any CPU
	EndGlobalSection
	GlobalSection(SolutionProperties) = preSolution
		HideSolutionNode = FALSE
	EndGlobalSection
	GlobalSection(ExtensibilityGlobals) = postSolution
		SolutionGuid = {3DD2F46E-D263-46CE-9D30-EA7D97483C50}
	EndGlobalSection
EndGlobal
